
Microsoft Visual Studio Solution File, Format Version 12.00
# Visual Studio 15
VisualStudioVersion = 15.0.28010.2016
MinimumVisualStudioVersion = 10.0.40219.1
Project("{9A19103F-16F7-4668-BE54-9A1E7A4F7556}") = "CodeFirstDotNetCore", "CodeFirstDotNetCore\CodeFirstDotNetCore.csproj", "{A67A4AF4-8593-4F39-849A-AFC9A46CD8A6}"
EndProject
Global
	GlobalSection(SolutionConfigurationPlatforms) = preSolution
		Debug|Any CPU = Debug|Any CPU
		Release|Any CPU = Release|Any CPU
	EndGlobalSection
	GlobalSection(ProjectConfigurationPlatforms) = postSolution
		{A67A4AF4-8593-4F39-849A-AFC9A46CD8A6}.Debug|Any CPU.ActiveCfg = Debug|Any CPU
		{A67A4AF4-8593-4F39-849A-AFC9A46CD8A6}.Debug|Any CPU.Build.0 = Debug|Any CPU
		{A67A4AF4-8593-4F39-849A-AFC9A46CD8A6}.Release|Any CPU.ActiveCfg = Release|Any CPU
		{A67A4AF4-8593-4F39-849A-AFC9A46CD8A6}.Release|Any CPU.Build.0 = Release|Any CPU
	EndGlobalSection
	GlobalSection(SolutionProperties) = preSolution
		HideSolutionNode = FALSE
	EndGlobalSection
	GlobalSection(ExtensibilityGlobals) = postSolution
		SolutionGuid = {4AFA2E70-E489-4FC6-B9F9-A21A17A0F43A}
	EndGlobalSection
EndGlobal
